// !$*UTF8*$!
{
	archiveVersion = 1;
	classes = {
	};
	objectVersion = 56;
	objects = {

/* Begin PBXBuildFile section */
		7A1B7F412A7D6E070088930E /* Icons.xcassets in Resources */ = {isa = PBXBuildFile; fileRef = 7A1B7F402A7D6E070088930E /* Icons.xcassets */; };
		7A1B7F432A7D714E0088930E /* VMUIImageExtensions.swift in Sources */ = {isa = PBXBuildFile; fileRef = 7A1B7F422A7D714E0088930E /* VMUIImageExtensions.swift */; };
		7A1B7F452A7D802D0088930E /* EnumsTextFields.swift in Sources */ = {isa = PBXBuildFile; fileRef = 7A1B7F442A7D802D0088930E /* EnumsTextFields.swift */; };
		7A1B7F472A7D81320088930E /* VMTextFieldBait.xib in Resources */ = {isa = PBXBuildFile; fileRef = 7A1B7F462A7D81320088930E /* VMTextFieldBait.xib */; };
		7A1B7F492A7D81870088930E /* VMTextFieldBait.swift in Sources */ = {isa = PBXBuildFile; fileRef = 7A1B7F482A7D81870088930E /* VMTextFieldBait.swift */; };
		7A1B7F4B2A7D8BAF0088930E /* ConstantsFonts.swift in Sources */ = {isa = PBXBuildFile; fileRef = 7A1B7F4A2A7D8BAF0088930E /* ConstantsFonts.swift */; };
		7A1B7F4D2A7D8C0C0088930E /* ConstantsIcons.swift in Sources */ = {isa = PBXBuildFile; fileRef = 7A1B7F4C2A7D8C0C0088930E /* ConstantsIcons.swift */; };
		7A1B7F4F2A815F3A0088930E /* VMTextFieldCodVal.swift in Sources */ = {isa = PBXBuildFile; fileRef = 7A1B7F4E2A815F3A0088930E /* VMTextFieldCodVal.swift */; };
		7A2A5CDC2A7C18C9005FE39A /* VMButtonsBait.swift in Sources */ = {isa = PBXBuildFile; fileRef = 7A2A5CDB2A7C18C9005FE39A /* VMButtonsBait.swift */; };
		7A2A5CDF2A7C1BC8005FE39A /* VMUIColorExtensions.swift in Sources */ = {isa = PBXBuildFile; fileRef = 7A2A5CDE2A7C1BC8005FE39A /* VMUIColorExtensions.swift */; };
		7A2A5CE22A7C1C6E005FE39A /* ConstantsColors.swift in Sources */ = {isa = PBXBuildFile; fileRef = 7A2A5CE12A7C1C6E005FE39A /* ConstantsColors.swift */; };
		7A2A5CE42A7C1D46005FE39A /* Colors.xcassets in Resources */ = {isa = PBXBuildFile; fileRef = 7A2A5CE32A7C1D46005FE39A /* Colors.xcassets */; };
		7A2A5CEB2A7C38D7005FE39A /* Bogle-Black.otf in Resources */ = {isa = PBXBuildFile; fileRef = 7A2A5CE82A7C38D6005FE39A /* Bogle-Black.otf */; };
		7A2A5CEC2A7C38D7005FE39A /* Bogle-Regular.otf in Resources */ = {isa = PBXBuildFile; fileRef = 7A2A5CE92A7C38D7005FE39A /* Bogle-Regular.otf */; };
		7A2A5CED2A7C38D7005FE39A /* Bogle-Bold.otf in Resources */ = {isa = PBXBuildFile; fileRef = 7A2A5CEA2A7C38D7005FE39A /* Bogle-Bold.otf */; };
		7A2A5CF02A7C3A2C005FE39A /* GothamRnd-Bold.otf in Resources */ = {isa = PBXBuildFile; fileRef = 7A2A5CEE2A7C38E9005FE39A /* GothamRnd-Bold.otf */; };
		7A2A5CF12A7C3A2F005FE39A /* Gotham-Book.otf in Resources */ = {isa = PBXBuildFile; fileRef = 7A2A5CEF2A7C38E9005FE39A /* Gotham-Book.otf */; };
		7A3D76CD2A7B169400D8E152 /* ViewManagerSDK.docc in Sources */ = {isa = PBXBuildFile; fileRef = 7A3D76CC2A7B169400D8E152 /* ViewManagerSDK.docc */; };
		7A3D76CE2A7B169400D8E152 /* ViewManagerSDK.h in Headers */ = {isa = PBXBuildFile; fileRef = 7A3D76CB2A7B169400D8E152 /* ViewManagerSDK.h */; settings = {ATTRIBUTES = (Public, ); }; };
		7A3D76D52A7B180100D8E152 /* HelloWorld.swift in Sources */ = {isa = PBXBuildFile; fileRef = 7A3D76D42A7B180100D8E152 /* HelloWorld.swift */; };
		7A3D76DD2A7B18AC00D8E152 /* ViewManagerSDKTests.swift in Sources */ = {isa = PBXBuildFile; fileRef = 7A3D76DC2A7B18AC00D8E152 /* ViewManagerSDKTests.swift */; };
		7A3D76DE2A7B18AC00D8E152 /* ViewManagerSDK.framework in Frameworks */ = {isa = PBXBuildFile; fileRef = 7A3D76C82A7B169400D8E152 /* ViewManagerSDK.framework */; };
		7A4452AB2A7C6B5C0009649A /* VMTextFields.swift in Sources */ = {isa = PBXBuildFile; fileRef = 7A4452AA2A7C6B5C0009649A /* VMTextFields.swift */; };
		7A4452B22A7C6D9A0009649A /* VMGenericAlert.xib in Resources */ = {isa = PBXBuildFile; fileRef = 7A4452B12A7C6D9A0009649A /* VMGenericAlert.xib */; };
		7A4452B62A7C750B0009649A /* VMGenericAlert.swift in Sources */ = {isa = PBXBuildFile; fileRef = 7A4452B52A7C750B0009649A /* VMGenericAlert.swift */; };
		7AA45D652A8C063900309597 /* VMValidateCode.swift in Sources */ = {isa = PBXBuildFile; fileRef = 7AA45D632A8C063900309597 /* VMValidateCode.swift */; };
		7AA45D662A8C063900309597 /* VMValidateCode.xib in Resources */ = {isa = PBXBuildFile; fileRef = 7AA45D642A8C063900309597 /* VMValidateCode.xib */; };
/* End PBXBuildFile section */

/* Begin PBXContainerItemProxy section */
		7A3D76DF2A7B18AC00D8E152 /* PBXContainerItemProxy */ = {
			isa = PBXContainerItemProxy;
			containerPortal = 7A3D76BF2A7B169400D8E152 /* Project object */;
			proxyType = 1;
			remoteGlobalIDString = 7A3D76C72A7B169400D8E152;
			remoteInfo = ViewManagerSDK;
		};
/* End PBXContainerItemProxy section */

/* Begin PBXFileReference section */
		7A1B7F402A7D6E070088930E /* Icons.xcassets */ = {isa = PBXFileReference; lastKnownFileType = folder.assetcatalog; path = Icons.xcassets; sourceTree = "<group>"; };
		7A1B7F422A7D714E0088930E /* VMUIImageExtensions.swift */ = {isa = PBXFileReference; lastKnownFileType = sourcecode.swift; path = VMUIImageExtensions.swift; sourceTree = "<group>"; };
		7A1B7F442A7D802D0088930E /* EnumsTextFields.swift */ = {isa = PBXFileReference; lastKnownFileType = sourcecode.swift; path = EnumsTextFields.swift; sourceTree = "<group>"; };
		7A1B7F462A7D81320088930E /* VMTextFieldBait.xib */ = {isa = PBXFileReference; lastKnownFileType = file.xib; path = VMTextFieldBait.xib; sourceTree = "<group>"; };
		7A1B7F482A7D81870088930E /* VMTextFieldBait.swift */ = {isa = PBXFileReference; lastKnownFileType = sourcecode.swift; path = VMTextFieldBait.swift; sourceTree = "<group>"; };
		7A1B7F4A2A7D8BAF0088930E /* ConstantsFonts.swift */ = {isa = PBXFileReference; lastKnownFileType = sourcecode.swift; path = ConstantsFonts.swift; sourceTree = "<group>"; };
		7A1B7F4C2A7D8C0C0088930E /* ConstantsIcons.swift */ = {isa = PBXFileReference; lastKnownFileType = sourcecode.swift; path = ConstantsIcons.swift; sourceTree = "<group>"; };
		7A1B7F4E2A815F3A0088930E /* VMTextFieldCodVal.swift */ = {isa = PBXFileReference; lastKnownFileType = sourcecode.swift; path = VMTextFieldCodVal.swift; sourceTree = "<group>"; };
		7A2A5CDB2A7C18C9005FE39A /* VMButtonsBait.swift */ = {isa = PBXFileReference; lastKnownFileType = sourcecode.swift; path = VMButtonsBait.swift; sourceTree = "<group>"; };
		7A2A5CDE2A7C1BC8005FE39A /* VMUIColorExtensions.swift */ = {isa = PBXFileReference; lastKnownFileType = sourcecode.swift; path = VMUIColorExtensions.swift; sourceTree = "<group>"; };
		7A2A5CE12A7C1C6E005FE39A /* ConstantsColors.swift */ = {isa = PBXFileReference; lastKnownFileType = sourcecode.swift; path = ConstantsColors.swift; sourceTree = "<group>"; };
		7A2A5CE32A7C1D46005FE39A /* Colors.xcassets */ = {isa = PBXFileReference; lastKnownFileType = folder.assetcatalog; path = Colors.xcassets; sourceTree = "<group>"; };
		7A2A5CE82A7C38D6005FE39A /* Bogle-Black.otf */ = {isa = PBXFileReference; lastKnownFileType = file; path = "Bogle-Black.otf"; sourceTree = "<group>"; };
		7A2A5CE92A7C38D7005FE39A /* Bogle-Regular.otf */ = {isa = PBXFileReference; lastKnownFileType = file; path = "Bogle-Regular.otf"; sourceTree = "<group>"; };
		7A2A5CEA2A7C38D7005FE39A /* Bogle-Bold.otf */ = {isa = PBXFileReference; lastKnownFileType = file; path = "Bogle-Bold.otf"; sourceTree = "<group>"; };
		7A2A5CEE2A7C38E9005FE39A /* GothamRnd-Bold.otf */ = {isa = PBXFileReference; lastKnownFileType = file; path = "GothamRnd-Bold.otf"; sourceTree = "<group>"; };
		7A2A5CEF2A7C38E9005FE39A /* Gotham-Book.otf */ = {isa = PBXFileReference; lastKnownFileType = file; path = "Gotham-Book.otf"; sourceTree = "<group>"; };
		7A3D76C82A7B169400D8E152 /* ViewManagerSDK.framework */ = {isa = PBXFileReference; explicitFileType = wrapper.framework; includeInIndex = 0; path = ViewManagerSDK.framework; sourceTree = BUILT_PRODUCTS_DIR; };
		7A3D76CB2A7B169400D8E152 /* ViewManagerSDK.h */ = {isa = PBXFileReference; lastKnownFileType = sourcecode.c.h; path = ViewManagerSDK.h; sourceTree = "<group>"; };
		7A3D76CC2A7B169400D8E152 /* ViewManagerSDK.docc */ = {isa = PBXFileReference; lastKnownFileType = folder.documentationcatalog; path = ViewManagerSDK.docc; sourceTree = "<group>"; };
		7A3D76D42A7B180100D8E152 /* HelloWorld.swift */ = {isa = PBXFileReference; lastKnownFileType = sourcecode.swift; path = HelloWorld.swift; sourceTree = "<group>"; };
		7A3D76DA2A7B18AC00D8E152 /* ViewManagerSDKTests.xctest */ = {isa = PBXFileReference; explicitFileType = wrapper.cfbundle; includeInIndex = 0; path = ViewManagerSDKTests.xctest; sourceTree = BUILT_PRODUCTS_DIR; };
		7A3D76DC2A7B18AC00D8E152 /* ViewManagerSDKTests.swift */ = {isa = PBXFileReference; lastKnownFileType = sourcecode.swift; path = ViewManagerSDKTests.swift; sourceTree = "<group>"; };
		7A4452AA2A7C6B5C0009649A /* VMTextFields.swift */ = {isa = PBXFileReference; lastKnownFileType = sourcecode.swift; path = VMTextFields.swift; sourceTree = "<group>"; };
		7A4452B12A7C6D9A0009649A /* VMGenericAlert.xib */ = {isa = PBXFileReference; lastKnownFileType = file.xib; path = VMGenericAlert.xib; sourceTree = "<group>"; };
		7A4452B52A7C750B0009649A /* VMGenericAlert.swift */ = {isa = PBXFileReference; lastKnownFileType = sourcecode.swift; path = VMGenericAlert.swift; sourceTree = "<group>"; };
		7AA45D632A8C063900309597 /* VMValidateCode.swift */ = {isa = PBXFileReference; lastKnownFileType = sourcecode.swift; path = VMValidateCode.swift; sourceTree = "<group>"; };
		7AA45D642A8C063900309597 /* VMValidateCode.xib */ = {isa = PBXFileReference; lastKnownFileType = file.xib; path = VMValidateCode.xib; sourceTree = "<group>"; };
/* End PBXFileReference section */

/* Begin PBXFrameworksBuildPhase section */
		7A3D76C52A7B169400D8E152 /* Frameworks */ = {
			isa = PBXFrameworksBuildPhase;
			buildActionMask = 2147483647;
			files = (
			);
			runOnlyForDeploymentPostprocessing = 0;
		};
		7A3D76D72A7B18AC00D8E152 /* Frameworks */ = {
			isa = PBXFrameworksBuildPhase;
			buildActionMask = 2147483647;
			files = (
				7A3D76DE2A7B18AC00D8E152 /* ViewManagerSDK.framework in Frameworks */,
			);
			runOnlyForDeploymentPostprocessing = 0;
		};
/* End PBXFrameworksBuildPhase section */

/* Begin PBXGroup section */
		7A2A5CDA2A7C188C005FE39A /* Buttons */ = {
			isa = PBXGroup;
			children = (
				7A2A5CDB2A7C18C9005FE39A /* VMButtonsBait.swift */,
			);
			path = Buttons;
			sourceTree = "<group>";
		};
		7A2A5CDD2A7C1B6C005FE39A /* Extensions */ = {
			isa = PBXGroup;
			children = (
				7A2A5CDE2A7C1BC8005FE39A /* VMUIColorExtensions.swift */,
				7A1B7F422A7D714E0088930E /* VMUIImageExtensions.swift */,
			);
			path = Extensions;
			sourceTree = "<group>";
		};
		7A2A5CE02A7C1C5B005FE39A /* Constants */ = {
			isa = PBXGroup;
			children = (
				7A2A5CE12A7C1C6E005FE39A /* ConstantsColors.swift */,
				7A1B7F4A2A7D8BAF0088930E /* ConstantsFonts.swift */,
				7A1B7F4C2A7D8C0C0088930E /* ConstantsIcons.swift */,
			);
			path = Constants;
			sourceTree = "<group>";
		};
		7A2A5CE52A7C3855005FE39A /* Fonts */ = {
			isa = PBXGroup;
			children = (
				7A2A5CE72A7C38AD005FE39A /* Gotham */,
				7A2A5CE62A7C38A0005FE39A /* Bogle */,
			);
			path = Fonts;
			sourceTree = "<group>";
		};
		7A2A5CE62A7C38A0005FE39A /* Bogle */ = {
			isa = PBXGroup;
			children = (
				7A2A5CE82A7C38D6005FE39A /* Bogle-Black.otf */,
				7A2A5CEA2A7C38D7005FE39A /* Bogle-Bold.otf */,
				7A2A5CE92A7C38D7005FE39A /* Bogle-Regular.otf */,
			);
			path = Bogle;
			sourceTree = "<group>";
		};
		7A2A5CE72A7C38AD005FE39A /* Gotham */ = {
			isa = PBXGroup;
			children = (
				7A2A5CEF2A7C38E9005FE39A /* Gotham-Book.otf */,
				7A2A5CEE2A7C38E9005FE39A /* GothamRnd-Bold.otf */,
			);
			path = Gotham;
			sourceTree = "<group>";
		};
		7A3D76BE2A7B169400D8E152 = {
			isa = PBXGroup;
			children = (
				7A3D76CA2A7B169400D8E152 /* ViewManagerSDK */,
				7A3D76DB2A7B18AC00D8E152 /* ViewManagerSDKTests */,
				7A3D76C92A7B169400D8E152 /* Products */,
			);
			sourceTree = "<group>";
		};
		7A3D76C92A7B169400D8E152 /* Products */ = {
			isa = PBXGroup;
			children = (
				7A3D76C82A7B169400D8E152 /* ViewManagerSDK.framework */,
				7A3D76DA2A7B18AC00D8E152 /* ViewManagerSDKTests.xctest */,
			);
			name = Products;
			sourceTree = "<group>";
		};
		7A3D76CA2A7B169400D8E152 /* ViewManagerSDK */ = {
			isa = PBXGroup;
			children = (
				7AA45D622A8C05C300309597 /* ValidateCode */,
				7A2A5CDA2A7C188C005FE39A /* Buttons */,
				7A4452AC2A7C6CDD0009649A /* Alerts */,
				7A4452A92A7C6AB60009649A /* TextFields */,
				7A2A5CE02A7C1C5B005FE39A /* Constants */,
				7A2A5CDD2A7C1B6C005FE39A /* Extensions */,
				7A2A5CE52A7C3855005FE39A /* Fonts */,
				7A3D76CB2A7B169400D8E152 /* ViewManagerSDK.h */,
				7A3D76CC2A7B169400D8E152 /* ViewManagerSDK.docc */,
				7A3D76D42A7B180100D8E152 /* HelloWorld.swift */,
				7A2A5CE32A7C1D46005FE39A /* Colors.xcassets */,
				7A1B7F402A7D6E070088930E /* Icons.xcassets */,
			);
			path = ViewManagerSDK;
			sourceTree = "<group>";
		};
		7A3D76DB2A7B18AC00D8E152 /* ViewManagerSDKTests */ = {
			isa = PBXGroup;
			children = (
				7A3D76DC2A7B18AC00D8E152 /* ViewManagerSDKTests.swift */,
			);
			path = ViewManagerSDKTests;
			sourceTree = "<group>";
		};
		7A4452A92A7C6AB60009649A /* TextFields */ = {
			isa = PBXGroup;
			children = (
				7A4452AA2A7C6B5C0009649A /* VMTextFields.swift */,
				7A1B7F442A7D802D0088930E /* EnumsTextFields.swift */,
				7A1B7F462A7D81320088930E /* VMTextFieldBait.xib */,
				7A1B7F482A7D81870088930E /* VMTextFieldBait.swift */,
				7A1B7F4E2A815F3A0088930E /* VMTextFieldCodVal.swift */,
			);
			path = TextFields;
			sourceTree = "<group>";
		};
		7A4452AC2A7C6CDD0009649A /* Alerts */ = {
			isa = PBXGroup;
			children = (
				7A4452B12A7C6D9A0009649A /* VMGenericAlert.xib */,
				7A4452B52A7C750B0009649A /* VMGenericAlert.swift */,
			);
			path = Alerts;
			sourceTree = "<group>";
		};
		7AA45D622A8C05C300309597 /* ValidateCode */ = {
			isa = PBXGroup;
			children = (
				7AA45D632A8C063900309597 /* VMValidateCode.swift */,
				7AA45D642A8C063900309597 /* VMValidateCode.xib */,
			);
			path = ValidateCode;
			sourceTree = "<group>";
		};
/* End PBXGroup section */

/* Begin PBXHeadersBuildPhase section */
		7A3D76C32A7B169400D8E152 /* Headers */ = {
			isa = PBXHeadersBuildPhase;
			buildActionMask = 2147483647;
			files = (
				7A3D76CE2A7B169400D8E152 /* ViewManagerSDK.h in Headers */,
			);
			runOnlyForDeploymentPostprocessing = 0;
		};
/* End PBXHeadersBuildPhase section */

/* Begin PBXNativeTarget section */
		7A3D76C72A7B169400D8E152 /* ViewManagerSDK */ = {
			isa = PBXNativeTarget;
			buildConfigurationList = 7A3D76D12A7B169400D8E152 /* Build configuration list for PBXNativeTarget "ViewManagerSDK" */;
			buildPhases = (
				7A3D76C32A7B169400D8E152 /* Headers */,
				7A3D76C42A7B169400D8E152 /* Sources */,
				7A3D76C52A7B169400D8E152 /* Frameworks */,
				7A3D76C62A7B169400D8E152 /* Resources */,
			);
			buildRules = (
			);
			dependencies = (
			);
			name = ViewManagerSDK;
			productName = ViewManagerSDK;
			productReference = 7A3D76C82A7B169400D8E152 /* ViewManagerSDK.framework */;
			productType = "com.apple.product-type.framework";
		};
		7A3D76D92A7B18AC00D8E152 /* ViewManagerSDKTests */ = {
			isa = PBXNativeTarget;
			buildConfigurationList = 7A3D76E12A7B18AC00D8E152 /* Build configuration list for PBXNativeTarget "ViewManagerSDKTests" */;
			buildPhases = (
				7A3D76D62A7B18AC00D8E152 /* Sources */,
				7A3D76D72A7B18AC00D8E152 /* Frameworks */,
				7A3D76D82A7B18AC00D8E152 /* Resources */,
			);
			buildRules = (
			);
			dependencies = (
				7A3D76E02A7B18AC00D8E152 /* PBXTargetDependency */,
			);
			name = ViewManagerSDKTests;
			productName = ViewManagerSDKTests;
			productReference = 7A3D76DA2A7B18AC00D8E152 /* ViewManagerSDKTests.xctest */;
			productType = "com.apple.product-type.bundle.unit-test";
		};
/* End PBXNativeTarget section */

/* Begin PBXProject section */
		7A3D76BF2A7B169400D8E152 /* Project object */ = {
			isa = PBXProject;
			attributes = {
				BuildIndependentTargetsInParallel = 1;
				LastSwiftUpdateCheck = 1430;
				LastUpgradeCheck = 1430;
				TargetAttributes = {
					7A3D76C72A7B169400D8E152 = {
						CreatedOnToolsVersion = 14.3.1;
					};
					7A3D76D92A7B18AC00D8E152 = {
						CreatedOnToolsVersion = 14.3.1;
					};
				};
			};
			buildConfigurationList = 7A3D76C22A7B169400D8E152 /* Build configuration list for PBXProject "ViewManagerSDK" */;
			compatibilityVersion = "Xcode 14.0";
			developmentRegion = en;
			hasScannedForEncodings = 0;
			knownRegions = (
				en,
				Base,
			);
			mainGroup = 7A3D76BE2A7B169400D8E152;
			productRefGroup = 7A3D76C92A7B169400D8E152 /* Products */;
			projectDirPath = "";
			projectRoot = "";
			targets = (
				7A3D76C72A7B169400D8E152 /* ViewManagerSDK */,
				7A3D76D92A7B18AC00D8E152 /* ViewManagerSDKTests */,
			);
		};
/* End PBXProject section */

/* Begin PBXResourcesBuildPhase section */
		7A3D76C62A7B169400D8E152 /* Resources */ = {
			isa = PBXResourcesBuildPhase;
			buildActionMask = 2147483647;
			files = (
				7A2A5CF12A7C3A2F005FE39A /* Gotham-Book.otf in Resources */,
				7A2A5CED2A7C38D7005FE39A /* Bogle-Bold.otf in Resources */,
				7A2A5CE42A7C1D46005FE39A /* Colors.xcassets in Resources */,
				7A2A5CEB2A7C38D7005FE39A /* Bogle-Black.otf in Resources */,
				7A2A5CF02A7C3A2C005FE39A /* GothamRnd-Bold.otf in Resources */,
				7AA45D662A8C063900309597 /* VMValidateCode.xib in Resources */,
				7A2A5CEC2A7C38D7005FE39A /* Bogle-Regular.otf in Resources */,
				7A1B7F472A7D81320088930E /* VMTextFieldBait.xib in Resources */,
				7A1B7F412A7D6E070088930E /* Icons.xcassets in Resources */,
				7A4452B22A7C6D9A0009649A /* VMGenericAlert.xib in Resources */,
			);
			runOnlyForDeploymentPostprocessing = 0;
		};
		7A3D76D82A7B18AC00D8E152 /* Resources */ = {
			isa = PBXResourcesBuildPhase;
			buildActionMask = 2147483647;
			files = (
			);
			runOnlyForDeploymentPostprocessing = 0;
		};
/* End PBXResourcesBuildPhase section */

/* Begin PBXSourcesBuildPhase section */
		7A3D76C42A7B169400D8E152 /* Sources */ = {
			isa = PBXSourcesBuildPhase;
			buildActionMask = 2147483647;
			files = (
				7A1B7F432A7D714E0088930E /* VMUIImageExtensions.swift in Sources */,
				7A4452AB2A7C6B5C0009649A /* VMTextFields.swift in Sources */,
				7A1B7F4F2A815F3A0088930E /* VMTextFieldCodVal.swift in Sources */,
				7A2A5CE22A7C1C6E005FE39A /* ConstantsColors.swift in Sources */,
				7A2A5CDF2A7C1BC8005FE39A /* VMUIColorExtensions.swift in Sources */,
				7A1B7F4D2A7D8C0C0088930E /* ConstantsIcons.swift in Sources */,
				7A1B7F452A7D802D0088930E /* EnumsTextFields.swift in Sources */,
				7A1B7F4B2A7D8BAF0088930E /* ConstantsFonts.swift in Sources */,
				7A3D76CD2A7B169400D8E152 /* ViewManagerSDK.docc in Sources */,
				7A1B7F492A7D81870088930E /* VMTextFieldBait.swift in Sources */,
				7A3D76D52A7B180100D8E152 /* HelloWorld.swift in Sources */,
				7AA45D652A8C063900309597 /* VMValidateCode.swift in Sources */,
				7A4452B62A7C750B0009649A /* VMGenericAlert.swift in Sources */,
				7A2A5CDC2A7C18C9005FE39A /* VMButtonsBait.swift in Sources */,
			);
			runOnlyForDeploymentPostprocessing = 0;
		};
		7A3D76D62A7B18AC00D8E152 /* Sources */ = {
			isa = PBXSourcesBuildPhase;
			buildActionMask = 2147483647;
			files = (
				7A3D76DD2A7B18AC00D8E152 /* ViewManagerSDKTests.swift in Sources */,
			);
			runOnlyForDeploymentPostprocessing = 0;
		};
/* End PBXSourcesBuildPhase section */

/* Begin PBXTargetDependency section */
		7A3D76E02A7B18AC00D8E152 /* PBXTargetDependency */ = {
			isa = PBXTargetDependency;
			target = 7A3D76C72A7B169400D8E152 /* ViewManagerSDK */;
			targetProxy = 7A3D76DF2A7B18AC00D8E152 /* PBXContainerItemProxy */;
		};
/* End PBXTargetDependency section */

/* Begin XCBuildConfiguration section */
		7A3D76CF2A7B169400D8E152 /* Debug */ = {
			isa = XCBuildConfiguration;
			buildSettings = {
				ALWAYS_SEARCH_USER_PATHS = NO;
				CLANG_ANALYZER_NONNULL = YES;
				CLANG_ANALYZER_NUMBER_OBJECT_CONVERSION = YES_AGGRESSIVE;
				CLANG_CXX_LANGUAGE_STANDARD = "gnu++20";
				CLANG_ENABLE_MODULES = YES;
				CLANG_ENABLE_OBJC_ARC = YES;
				CLANG_ENABLE_OBJC_WEAK = YES;
				CLANG_WARN_BLOCK_CAPTURE_AUTORELEASING = YES;
				CLANG_WARN_BOOL_CONVERSION = YES;
				CLANG_WARN_COMMA = YES;
				CLANG_WARN_CONSTANT_CONVERSION = YES;
				CLANG_WARN_DEPRECATED_OBJC_IMPLEMENTATIONS = YES;
				CLANG_WARN_DIRECT_OBJC_ISA_USAGE = YES_ERROR;
				CLANG_WARN_DOCUMENTATION_COMMENTS = YES;
				CLANG_WARN_EMPTY_BODY = YES;
				CLANG_WARN_ENUM_CONVERSION = YES;
				CLANG_WARN_INFINITE_RECURSION = YES;
				CLANG_WARN_INT_CONVERSION = YES;
				CLANG_WARN_NON_LITERAL_NULL_CONVERSION = YES;
				CLANG_WARN_OBJC_IMPLICIT_RETAIN_SELF = YES;
				CLANG_WARN_OBJC_LITERAL_CONVERSION = YES;
				CLANG_WARN_OBJC_ROOT_CLASS = YES_ERROR;
				CLANG_WARN_QUOTED_INCLUDE_IN_FRAMEWORK_HEADER = YES;
				CLANG_WARN_RANGE_LOOP_ANALYSIS = YES;
				CLANG_WARN_STRICT_PROTOTYPES = YES;
				CLANG_WARN_SUSPICIOUS_MOVE = YES;
				CLANG_WARN_UNGUARDED_AVAILABILITY = YES_AGGRESSIVE;
				CLANG_WARN_UNREACHABLE_CODE = YES;
				CLANG_WARN__DUPLICATE_METHOD_MATCH = YES;
				COPY_PHASE_STRIP = NO;
				CURRENT_PROJECT_VERSION = 1;
				DEBUG_INFORMATION_FORMAT = dwarf;
				ENABLE_STRICT_OBJC_MSGSEND = YES;
				ENABLE_TESTABILITY = YES;
				GCC_C_LANGUAGE_STANDARD = gnu11;
				GCC_DYNAMIC_NO_PIC = NO;
				GCC_NO_COMMON_BLOCKS = YES;
				GCC_OPTIMIZATION_LEVEL = 0;
				GCC_PREPROCESSOR_DEFINITIONS = (
					"DEBUG=1",
					"$(inherited)",
				);
				GCC_WARN_64_TO_32_BIT_CONVERSION = YES;
				GCC_WARN_ABOUT_RETURN_TYPE = YES_ERROR;
				GCC_WARN_UNDECLARED_SELECTOR = YES;
				GCC_WARN_UNINITIALIZED_AUTOS = YES_AGGRESSIVE;
				GCC_WARN_UNUSED_FUNCTION = YES;
				GCC_WARN_UNUSED_VARIABLE = YES;
				IPHONEOS_DEPLOYMENT_TARGET = 16.4;
				MTL_ENABLE_DEBUG_INFO = INCLUDE_SOURCE;
				MTL_FAST_MATH = YES;
				ONLY_ACTIVE_ARCH = YES;
				SDKROOT = iphoneos;
				SWIFT_ACTIVE_COMPILATION_CONDITIONS = DEBUG;
				SWIFT_OPTIMIZATION_LEVEL = "-Onone";
				VERSIONING_SYSTEM = "apple-generic";
				VERSION_INFO_PREFIX = "";
			};
			name = Debug;
		};
		7A3D76D02A7B169400D8E152 /* Release */ = {
			isa = XCBuildConfiguration;
			buildSettings = {
				ALWAYS_SEARCH_USER_PATHS = NO;
				CLANG_ANALYZER_NONNULL = YES;
				CLANG_ANALYZER_NUMBER_OBJECT_CONVERSION = YES_AGGRESSIVE;
				CLANG_CXX_LANGUAGE_STANDARD = "gnu++20";
				CLANG_ENABLE_MODULES = YES;
				CLANG_ENABLE_OBJC_ARC = YES;
				CLANG_ENABLE_OBJC_WEAK = YES;
				CLANG_WARN_BLOCK_CAPTURE_AUTORELEASING = YES;
				CLANG_WARN_BOOL_CONVERSION = YES;
				CLANG_WARN_COMMA = YES;
				CLANG_WARN_CONSTANT_CONVERSION = YES;
				CLANG_WARN_DEPRECATED_OBJC_IMPLEMENTATIONS = YES;
				CLANG_WARN_DIRECT_OBJC_ISA_USAGE = YES_ERROR;
				CLANG_WARN_DOCUMENTATION_COMMENTS = YES;
				CLANG_WARN_EMPTY_BODY = YES;
				CLANG_WARN_ENUM_CONVERSION = YES;
				CLANG_WARN_INFINITE_RECURSION = YES;
				CLANG_WARN_INT_CONVERSION = YES;
				CLANG_WARN_NON_LITERAL_NULL_CONVERSION = YES;
				CLANG_WARN_OBJC_IMPLICIT_RETAIN_SELF = YES;
				CLANG_WARN_OBJC_LITERAL_CONVERSION = YES;
				CLANG_WARN_OBJC_ROOT_CLASS = YES_ERROR;
				CLANG_WARN_QUOTED_INCLUDE_IN_FRAMEWORK_HEADER = YES;
				CLANG_WARN_RANGE_LOOP_ANALYSIS = YES;
				CLANG_WARN_STRICT_PROTOTYPES = YES;
				CLANG_WARN_SUSPICIOUS_MOVE = YES;
				CLANG_WARN_UNGUARDED_AVAILABILITY = YES_AGGRESSIVE;
				CLANG_WARN_UNREACHABLE_CODE = YES;
				CLANG_WARN__DUPLICATE_METHOD_MATCH = YES;
				COPY_PHASE_STRIP = NO;
				CURRENT_PROJECT_VERSION = 1;
				DEBUG_INFORMATION_FORMAT = "dwarf-with-dsym";
				ENABLE_NS_ASSERTIONS = NO;
				ENABLE_STRICT_OBJC_MSGSEND = YES;
				GCC_C_LANGUAGE_STANDARD = gnu11;
				GCC_NO_COMMON_BLOCKS = YES;
				GCC_WARN_64_TO_32_BIT_CONVERSION = YES;
				GCC_WARN_ABOUT_RETURN_TYPE = YES_ERROR;
				GCC_WARN_UNDECLARED_SELECTOR = YES;
				GCC_WARN_UNINITIALIZED_AUTOS = YES_AGGRESSIVE;
				GCC_WARN_UNUSED_FUNCTION = YES;
				GCC_WARN_UNUSED_VARIABLE = YES;
				IPHONEOS_DEPLOYMENT_TARGET = 16.4;
				MTL_ENABLE_DEBUG_INFO = NO;
				MTL_FAST_MATH = YES;
				SDKROOT = iphoneos;
				SWIFT_COMPILATION_MODE = wholemodule;
				SWIFT_OPTIMIZATION_LEVEL = "-O";
				VALIDATE_PRODUCT = YES;
				VERSIONING_SYSTEM = "apple-generic";
				VERSION_INFO_PREFIX = "";
			};
			name = Release;
		};
		7A3D76D22A7B169400D8E152 /* Debug */ = {
			isa = XCBuildConfiguration;
			buildSettings = {
				CODE_SIGN_STYLE = Automatic;
				CURRENT_PROJECT_VERSION = 1;
				DEFINES_MODULE = YES;
				DYLIB_COMPATIBILITY_VERSION = 1;
				DYLIB_CURRENT_VERSION = 1;
				DYLIB_INSTALL_NAME_BASE = "@rpath";
				ENABLE_MODULE_VERIFIER = YES;
				GENERATE_INFOPLIST_FILE = YES;
				INFOPLIST_FILE = ViewManagerSDK/Info.plist;
				INFOPLIST_KEY_NSHumanReadableCopyright = "";
				INSTALL_PATH = "$(LOCAL_LIBRARY_DIR)/Frameworks";
				LD_RUNPATH_SEARCH_PATHS = (
					"$(inherited)",
					"@executable_path/Frameworks",
					"@loader_path/Frameworks",
				);
				MARKETING_VERSION = 1.0;
				MODULE_VERIFIER_SUPPORTED_LANGUAGES = "objective-c objective-c++";
				MODULE_VERIFIER_SUPPORTED_LANGUAGE_STANDARDS = "gnu11 gnu++20";
				PRODUCT_BUNDLE_IDENTIFIER = com.ordenaris.ViewManagerSDK;
				PRODUCT_NAME = "$(TARGET_NAME:c99extidentifier)";
				SKIP_INSTALL = YES;
				SUPPORTED_PLATFORMS = "iphoneos iphonesimulator";
				SUPPORTS_MACCATALYST = NO;
				SUPPORTS_MAC_DESIGNED_FOR_IPHONE_IPAD = NO;
				SUPPORTS_XR_DESIGNED_FOR_IPHONE_IPAD = NO;
				SWIFT_EMIT_LOC_STRINGS = YES;
				SWIFT_VERSION = 5.0;
				TARGETED_DEVICE_FAMILY = 1;
			};
			name = Debug;
		};
		7A3D76D32A7B169400D8E152 /* Release */ = {
			isa = XCBuildConfiguration;
			buildSettings = {
				CODE_SIGN_STYLE = Automatic;
				CURRENT_PROJECT_VERSION = 1;
				DEFINES_MODULE = YES;
				DYLIB_COMPATIBILITY_VERSION = 1;
				DYLIB_CURRENT_VERSION = 1;
				DYLIB_INSTALL_NAME_BASE = "@rpath";
				ENABLE_MODULE_VERIFIER = YES;
				GENERATE_INFOPLIST_FILE = YES;
				INFOPLIST_FILE = ViewManagerSDK/Info.plist;
				INFOPLIST_KEY_NSHumanReadableCopyright = "";
				INSTALL_PATH = "$(LOCAL_LIBRARY_DIR)/Frameworks";
				LD_RUNPATH_SEARCH_PATHS = (
					"$(inherited)",
					"@executable_path/Frameworks",
					"@loader_path/Frameworks",
				);
				MARKETING_VERSION = 1.0;
				MODULE_VERIFIER_SUPPORTED_LANGUAGES = "objective-c objective-c++";
				MODULE_VERIFIER_SUPPORTED_LANGUAGE_STANDARDS = "gnu11 gnu++20";
				PRODUCT_BUNDLE_IDENTIFIER = com.ordenaris.ViewManagerSDK;
				PRODUCT_NAME = "$(TARGET_NAME:c99extidentifier)";
				SKIP_INSTALL = YES;
				SUPPORTED_PLATFORMS = "iphoneos iphonesimulator";
				SUPPORTS_MACCATALYST = NO;
				SUPPORTS_MAC_DESIGNED_FOR_IPHONE_IPAD = NO;
				SUPPORTS_XR_DESIGNED_FOR_IPHONE_IPAD = NO;
				SWIFT_EMIT_LOC_STRINGS = YES;
				SWIFT_VERSION = 5.0;
				TARGETED_DEVICE_FAMILY = 1;
			};
			name = Release;
		};
		7A3D76E22A7B18AC00D8E152 /* Debug */ = {
			isa = XCBuildConfiguration;
			buildSettings = {
				CODE_SIGN_STYLE = Automatic;
				CURRENT_PROJECT_VERSION = 1;
				GENERATE_INFOPLIST_FILE = YES;
				MARKETING_VERSION = 1.0;
				PRODUCT_BUNDLE_IDENTIFIER = com.ordenaris.ViewManagerSDKTests;
				PRODUCT_NAME = "$(TARGET_NAME)";
				SWIFT_EMIT_LOC_STRINGS = NO;
				SWIFT_VERSION = 5.0;
				TARGETED_DEVICE_FAMILY = "1,2";
			};
			name = Debug;
		};
		7A3D76E32A7B18AC00D8E152 /* Release */ = {
			isa = XCBuildConfiguration;
			buildSettings = {
				CODE_SIGN_STYLE = Automatic;
				CURRENT_PROJECT_VERSION = 1;
				GENERATE_INFOPLIST_FILE = YES;
				MARKETING_VERSION = 1.0;
				PRODUCT_BUNDLE_IDENTIFIER = com.ordenaris.ViewManagerSDKTests;
				PRODUCT_NAME = "$(TARGET_NAME)";
				SWIFT_EMIT_LOC_STRINGS = NO;
				SWIFT_VERSION = 5.0;
				TARGETED_DEVICE_FAMILY = "1,2";
			};
			name = Release;
		};
/* End XCBuildConfiguration section */

/* Begin XCConfigurationList section */
		7A3D76C22A7B169400D8E152 /* Build configuration list for PBXProject "ViewManagerSDK" */ = {
			isa = XCConfigurationList;
			buildConfigurations = (
				7A3D76CF2A7B169400D8E152 /* Debug */,
				7A3D76D02A7B169400D8E152 /* Release */,
			);
			defaultConfigurationIsVisible = 0;
			defaultConfigurationName = Release;
		};
		7A3D76D12A7B169400D8E152 /* Build configuration list for PBXNativeTarget "ViewManagerSDK" */ = {
			isa = XCConfigurationList;
			buildConfigurations = (
				7A3D76D22A7B169400D8E152 /* Debug */,
				7A3D76D32A7B169400D8E152 /* Release */,
			);
			defaultConfigurationIsVisible = 0;
			defaultConfigurationName = Release;
		};
		7A3D76E12A7B18AC00D8E152 /* Build configuration list for PBXNativeTarget "ViewManagerSDKTests" */ = {
			isa = XCConfigurationList;
			buildConfigurations = (
				7A3D76E22A7B18AC00D8E152 /* Debug */,
				7A3D76E32A7B18AC00D8E152 /* Release */,
			);
			defaultConfigurationIsVisible = 0;
			defaultConfigurationName = Release;
		};
/* End XCConfigurationList section */
	};
	rootObject = 7A3D76BF2A7B169400D8E152 /* Project object */;
}
